
Microsoft Visual Studio Solution File, Format Version 11.00
# Visual Studio 2010
# SharpDevelop 5.1
Project("{FAE04EC0-301F-11D3-BF4B-00C04F79EFBC}") = "Registro de huespedes", "Registro de huespedes\Registro de huespedes.csproj", "{1E71F38D-B3C8-4CF4-B2C5-6B063F9B14B1}"
EndProject
Global
	GlobalSection(SolutionConfigurationPlatforms) = preSolution
		Debug|Any CPU = Debug|Any CPU
		Release|Any CPU = Release|Any CPU
	EndGlobalSection
	GlobalSection(ProjectConfigurationPlatforms) = postSolution
		{1E71F38D-B3C8-4CF4-B2C5-6B063F9B14B1}.Debug|Any CPU.ActiveCfg = Debug|Any CPU
		{1E71F38D-B3C8-4CF4-B2C5-6B063F9B14B1}.Debug|Any CPU.Build.0 = Debug|Any CPU
		{1E71F38D-B3C8-4CF4-B2C5-6B063F9B14B1}.Release|Any CPU.ActiveCfg = Release|Any CPU
		{1E71F38D-B3C8-4CF4-B2C5-6B063F9B14B1}.Release|Any CPU.Build.0 = Release|Any CPU
	EndGlobalSection
EndGlobal
